Microsoft Visual Studio Solution File, Format Version 9.00
# Visual Studio 2005
Project("{FAE04EC0-301F-11D3-BF4B-00C04F79EFBC}") = "Q144679", "Q144679\Q144679.csproj", "{30000BA5-EB40-47FC-AC56-89719FFE50FE}"
	ProjectSection(WebsiteProperties) = preProject
		Debug.AspNetCompiler.Debug = "True"
		Release.AspNetCompiler.Debug = "False"
	EndProjectSection
EndProject
Global
	GlobalSection(SolutionConfigurationPlatforms) = preSolution
		Debug|Any CPU = Debug|Any CPU
		Release|Any CPU = Release|Any CPU
	EndGlobalSection
	GlobalSection(ProjectConfigurationPlatforms) = postSolution
		{30000BA5-EB40-47FC-AC56-89719FFE50FE}.Debug|Any CPU.ActiveCfg = Debug|Any CPU
		{30000BA5-EB40-47FC-AC56-89719FFE50FE}.Debug|Any CPU.Build.0 = Debug|Any CPU
		{30000BA5-EB40-47FC-AC56-89719FFE50FE}.Release|Any CPU.ActiveCfg = Release|Any CPU
		{30000BA5-EB40-47FC-AC56-89719FFE50FE}.Release|Any CPU.Build.0 = Release|Any CPU
	EndGlobalSection
	GlobalSection(SolutionProperties) = preSolution
		HideSolutionNode = FALSE
	EndGlobalSection
EndGlobal
